
Microsoft Visual Studio Solution File, Format Version 12.00
# Visual Studio Version 16
VisualStudioVersion = 16.0.30611.23
MinimumVisualStudioVersion = 10.0.40219.1
Project("{FAE04EC0-301F-11D3-BF4B-00C04F79EFBC}") = "NullMemory", "NullMemory\NullMemory.csproj", "{727602B3-6F54-42E6-BA5A-24FC08F91CD4}"
EndProject
Project("{FAE04EC0-301F-11D3-BF4B-00C04F79EFBC}") = "NullMemory.Demo", "NullMemory.Demo\NullMemory.Demo.csproj", "{874C42A0-164A-4C15-8116-CDE18FB6737D}"
EndProject
Global
	GlobalSection(SolutionConfigurationPlatforms) = preSolution
		Debug|Any CPU = Debug|Any CPU
		Release|Any CPU = Release|Any CPU
	EndGlobalSection
	GlobalSection(ProjectConfigurationPlatforms) = postSolution
		{727602B3-6F54-42E6-BA5A-24FC08F91CD4}.Debug|Any CPU.ActiveCfg = Debug|Any CPU
		{727602B3-6F54-42E6-BA5A-24FC08F91CD4}.Debug|Any CPU.Build.0 = Debug|Any CPU
		{727602B3-6F54-42E6-BA5A-24FC08F91CD4}.Release|Any CPU.ActiveCfg = Release|Any CPU
		{727602B3-6F54-42E6-BA5A-24FC08F91CD4}.Release|Any CPU.Build.0 = Release|Any CPU
		{874C42A0-164A-4C15-8116-CDE18FB6737D}.Debug|Any CPU.ActiveCfg = Debug|Any CPU
		{874C42A0-164A-4C15-8116-CDE18FB6737D}.Debug|Any CPU.Build.0 = Debug|Any CPU
		{874C42A0-164A-4C15-8116-CDE18FB6737D}.Release|Any CPU.ActiveCfg = Release|Any CPU
		{874C42A0-164A-4C15-8116-CDE18FB6737D}.Release|Any CPU.Build.0 = Release|Any CPU
	EndGlobalSection
	GlobalSection(SolutionProperties) = preSolution
		HideSolutionNode = FALSE
	EndGlobalSection
	GlobalSection(ExtensibilityGlobals) = postSolution
		SolutionGuid = {7AAE81F7-CE33-4290-85C0-2655517F46DD}
	EndGlobalSection
EndGlobal
